PODS:
  - Flutter (1.0.0)
  - picker_whell (0.0.1):
    - Flutter

DEPENDENCIES:
  - Flutter (from `Flutter`)
  - picker_whell (from `.symlinks/plugins/picker_whell/ios`)

EXTERNAL SOURCES:
  Flutter:
    :path: Flutter
  picker_whell:
    :path: ".symlinks/plugins/picker_whell/ios"

SPEC CHECKSUMS:
  Flutter: 434fef37c0980e73bb6479ef766c45957d4b510c
  picker_whell: faeab4f1b2fcecfe1da432575c88f47606bc0f47

PODFILE CHECKSUM: aafe91acc616949ddb318b77800a7f51bffa2a4c

COCOAPODS: 1.10.1
